
Microsoft Visual Studio Solution File, Format Version 12.00
# Visual Studio Version 16
VisualStudioVersion = 16.0.30225.117
MinimumVisualStudioVersion = 10.0.40219.1
Project("{FAE04EC0-301F-11D3-BF4B-00C04F79EFBC}") = "naveenday1", "naveenday1\naveenday1.csproj", "{58BD7427-F69D-4119-AA93-7C7E06501570}"
EndProject
Global
	GlobalSection(SolutionConfigurationPlatforms) = preSolution
		Debug|Any CPU = Debug|Any CPU
		Release|Any CPU = Release|Any CPU
	EndGlobalSection
	GlobalSection(ProjectConfigurationPlatforms) = postSolution
		{58BD7427-F69D-4119-AA93-7C7E06501570}.Debug|Any CPU.ActiveCfg = Debug|Any CPU
		{58BD7427-F69D-4119-AA93-7C7E06501570}.Debug|Any CPU.Build.0 = Debug|Any CPU
		{58BD7427-F69D-4119-AA93-7C7E06501570}.Release|Any CPU.ActiveCfg = Release|Any CPU
		{58BD7427-F69D-4119-AA93-7C7E06501570}.Release|Any CPU.Build.0 = Release|Any CPU
	EndGlobalSection
	GlobalSection(SolutionProperties) = preSolution
		HideSolutionNode = FALSE
	EndGlobalSection
	GlobalSection(ExtensibilityGlobals) = postSolution
		SolutionGuid = {D8EF629B-83FD-4954-96E1-97EC7DDF1F36}
	EndGlobalSection
EndGlobal
